# This file is automatically @generated by Cargo.
# It is not intended for manual editing.
version = 4

[[package]]
name = "cas"
version = "0.1.0"

[[package]]
name = "dma-pool"
version = "0.1.0"

[[package]]
name = "ipc"
version = "0.1.0"

[[package]]
name = "kernel"
version = "0.1.0"

[[package]]
name = "loader"
version = "0.1.0"
dependencies = [
 "ipc",
]

[[package]]
name = "mkfs"
version = "0.1.0"
dependencies = [
 "cas",
]

[[package]]
name = "shell"
version = "0.1.0"
dependencies = [
 "ipc",
]

[[package]]
name = "storage-server"
version = "0.1.0"
dependencies = [
 "cas",
 "ipc",
]

[[package]]
name = "virtio-blk"
version = "0.1.0"
dependencies = [
 "dma-pool",
]
